<?xml version="1.0" encoding="utf-8"?>
<Project ToolsVersion="4.0" xmlns="http://schemas.microsoft.com/developer/msbuild/2003">
  <ItemGroup>
    <Filter Include="Source Files">
      <UniqueIdentifier>{4FC737F1-C7A5-4376-A066-2A32D752A2FF}</UniqueIdentifier>
      <Extensions>cpp;c;cc;cxx;def;odl;idl;hpj;bat;asm;asmx</Extensions>
    </Filter>
    <Filter Include="Header Files">
      <UniqueIdentifier>{93995380-89BD-4b04-88EB-625FBE52EBFB}</UniqueIdentifier>
      <Extensions>h;hh;hpp;hxx;hm;inl;inc;ipp;xsd</Extensions>
    </Filter>
    <Filter Include="Resource Files">
      <UniqueIdentifier>{67DA6AB6-F800-4c08-8B7A-83BB121AAD01}</UniqueIdentifier>
      <Extensions>rc;ico;cur;bmp;dlg;rc2;rct;bin;rgs;gif;jpg;jpeg;jpe;resx;tiff;tif;png;wav;mfcribbon-ms</Extensions>
    </Filter>
    <Filter Include="Source Files\modules">
      <UniqueIdentifier>{91d99aae-1d30-4dab-923c-4e331303b7c8}</UniqueIdentifier>
    </Filter>
    <Filter Include="Header Files\modules">
      <UniqueIdentifier>{de4b7ac4-3816-4eea-a44f-949af9bb3a37}</UniqueIdentifier>
    </Filter>
    <Filter Include="Source Files\util">
      <UniqueIdentifier>{fa004f5e-d943-4d0a-87f7-1d3e101261ef}</UniqueIdentifier>
    </Filter>
    <Filter Include="Header Files\util">
      <UniqueIdentifier>{a484a637-6af1-41c8-8da2-5f7db19ddf10}</UniqueIdentifier>
    </Filter>
  </ItemGroup>
  <ItemGroup>
    <ClCompile Include="..\..\src\bin\readstat.c">
      <Filter>Source Files</Filter>
    </ClCompile>
    <ClCompile Include="..\..\src\bin\modules\mod_readstat.c">
      <Filter>Source Files\modules</Filter>
    </ClCompile>
    <ClCompile Include="..\..\src\bin\modules\json_metadata.c">
      <Filter>Source Files\modules</Filter>
    </ClCompile>
    <ClCompile Include="..\..\src\bin\modules\mod_csv.c">
      <Filter>Source Files\modules</Filter>
    </ClCompile>
    <ClCompile Include="..\..\src\bin\modules\produce_csv_column_header.c">
      <Filter>Source Files\modules</Filter>
    </ClCompile>
    <ClCompile Include="..\..\src\bin\modules\produce_csv_value.c">
      <Filter>Source Files\modules</Filter>
    </ClCompile>
    <ClCompile Include="..\..\src\bin\modules\produce_csv_value_csv.c">
      <Filter>Source Files\modules</Filter>
    </ClCompile>
    <ClCompile Include="..\..\src\bin\modules\produce_csv_value_dta.c">
      <Filter>Source Files\modules</Filter>
    </ClCompile>
    <ClCompile Include="..\..\src\bin\modules\produce_csv_value_sav.c">
      <Filter>Source Files\modules</Filter>
    </ClCompile>
    <ClCompile Include="..\..\src\bin\modules\produce_missingness.c">
      <Filter>Source Files\modules</Filter>
    </ClCompile>
    <ClCompile Include="..\..\src\bin\modules\produce_missingness_dta.c">
      <Filter>Source Files\modules</Filter>
    </ClCompile>
    <ClCompile Include="..\..\src\bin\modules\produce_missingness_sav.c">
      <Filter>Source Files\modules</Filter>
    </ClCompile>
    <ClCompile Include="..\..\src\bin\modules\produce_value_label.c">
      <Filter>Source Files\modules</Filter>
    </ClCompile>
    <ClCompile Include="..\..\src\bin\modules\produce_value_label_dta.c">
      <Filter>Source Files\modules</Filter>
    </ClCompile>
    <ClCompile Include="..\..\src\bin\modules\produce_value_label_sav.c">
      <Filter>Source Files\modules</Filter>
    </ClCompile>
    <ClCompile Include="..\..\src\bin\modules\double_decimals.c">
      <Filter>Source Files\modules</Filter>
    </ClCompile>
    <ClCompile Include="..\..\src\bin\modules\jsmn.c">
      <Filter>Source Files\modules</Filter>
    </ClCompile>
    <ClCompile Include="..\..\src\bin\module_util.c">
      <Filter>Source Files</Filter>
    </ClCompile>
    <ClCompile Include="..\..\src\bin\util\readstat_sav_date.c">
      <Filter>Source Files\util</Filter>
    </ClCompile>
    <ClCompile Include="..\..\src\bin\util\readstat_dta_days.c">
      <Filter>Source Files\util</Filter>
    </ClCompile>
    <ClCompile Include="..\..\src\bin\format.c">
      <Filter>Source Files</Filter>
    </ClCompile>
  </ItemGroup>
  <ItemGroup>
    <ClInclude Include="..\..\src\bin\modules\mod_readstat.h">
      <Filter>Header Files\modules</Filter>
    </ClInclude>
    <ClInclude Include="..\..\src\bin\modules\mod_xlsx.h">
      <Filter>Header Files\modules</Filter>
    </ClInclude>
    <ClInclude Include="..\..\src\bin\modules\produce_csv_column_header.h">
      <Filter>Header Files\modules</Filter>
    </ClInclude>
    <ClInclude Include="..\..\src\bin\modules\produce_csv_value.h">
      <Filter>Header Files\modules</Filter>
    </ClInclude>
    <ClInclude Include="..\..\src\bin\modules\produce_csv_value_csv.h">
      <Filter>Header Files\modules</Filter>
    </ClInclude>
    <ClInclude Include="..\..\src\bin\modules\produce_csv_value_dta.h">
      <Filter>Header Files\modules</Filter>
    </ClInclude>
    <ClInclude Include="..\..\src\bin\modules\produce_csv_value_sav.h">
      <Filter>Header Files\modules</Filter>
    </ClInclude>
    <ClInclude Include="..\..\src\bin\modules\produce_missingness.h">
      <Filter>Header Files\modules</Filter>
    </ClInclude>
    <ClInclude Include="..\..\src\bin\modules\produce_missingness_dta.h">
      <Filter>Header Files\modules</Filter>
    </ClInclude>
    <ClInclude Include="..\..\src\bin\modules\produce_missingness_sav.h">
      <Filter>Header Files\modules</Filter>
    </ClInclude>
    <ClInclude Include="..\..\src\bin\modules\produce_value_label.h">
      <Filter>Header Files\modules</Filter>
    </ClInclude>
    <ClInclude Include="..\..\src\bin\modules\produce_value_label_dta.h">
      <Filter>Header Files\modules</Filter>
    </ClInclude>
    <ClInclude Include="..\..\src\bin\modules\produce_value_label_sav.h">
      <Filter>Header Files\modules</Filter>
    </ClInclude>
    <ClInclude Include="..\..\src\bin\modules\double_decimals.h">
      <Filter>Header Files\modules</Filter>
    </ClInclude>
    <ClInclude Include="..\..\src\bin\modules\jsmn.h">
      <Filter>Header Files\modules</Filter>
    </ClInclude>
    <ClInclude Include="..\..\src\bin\modules\json_metadata.h">
      <Filter>Header Files\modules</Filter>
    </ClInclude>
    <ClInclude Include="..\..\src\bin\modules\mod_csv.h">
      <Filter>Header Files\modules</Filter>
    </ClInclude>
    <ClInclude Include="..\..\src\bin\modules\mod_csv_reader.h">
      <Filter>Header Files\modules</Filter>
    </ClInclude>
    <ClInclude Include="..\..\src\bin\module_util.h">
      <Filter>Header Files</Filter>
    </ClInclude>
    <ClInclude Include="..\..\src\bin\util\readstat_dta_days.h">
      <Filter>Header Files\util</Filter>
    </ClInclude>
    <ClInclude Include="..\..\src\bin\util\readstat_sav_date.h">
      <Filter>Header Files\util</Filter>
    </ClInclude>
    <ClInclude Include="..\..\src\bin\format.h">
      <Filter>Header Files</Filter>
    </ClInclude>
  </ItemGroup>
</Project>